
Microsoft Visual Studio Solution File, Format Version 12.00
# Visual Studio Version 17
VisualStudioVersion = 17.10.35004.147
MinimumVisualStudioVersion = 10.0.40219.1
Project("{9A19103F-16F7-4668-BE54-9A1E7A4F7556}") = "PostgreSQLCafe", "PostgreSQLCafe\PostgreSQLCafe.csproj", "{316635F6-1CF5-4DA6-8CE4-67F7601F8F58}"
EndProject
Project("{FAE04EC0-301F-11D3-BF4B-00C04F79EFBC}") = "PostgreSQLCafe.Api", "PostgreSQLCafe.Api\PostgreSQLCafe.Api.csproj", "{485C6922-309D-41B1-B5F6-E70A45AA488A}"
EndProject
Global
	GlobalSection(SolutionConfigurationPlatforms) = preSolution
		Debug|Any CPU = Debug|Any CPU
		Release|Any CPU = Release|Any CPU
	EndGlobalSection
	GlobalSection(ProjectConfigurationPlatforms) = postSolution
		{316635F6-1CF5-4DA6-8CE4-67F7601F8F58}.Debug|Any CPU.ActiveCfg = Debug|Any CPU
		{316635F6-1CF5-4DA6-8CE4-67F7601F8F58}.Debug|Any CPU.Build.0 = Debug|Any CPU
		{316635F6-1CF5-4DA6-8CE4-67F7601F8F58}.Release|Any CPU.ActiveCfg = Release|Any CPU
		{316635F6-1CF5-4DA6-8CE4-67F7601F8F58}.Release|Any CPU.Build.0 = Release|Any CPU
		{485C6922-309D-41B1-B5F6-E70A45AA488A}.Debug|Any CPU.ActiveCfg = Debug|Any CPU
		{485C6922-309D-41B1-B5F6-E70A45AA488A}.Debug|Any CPU.Build.0 = Debug|Any CPU
		{485C6922-309D-41B1-B5F6-E70A45AA488A}.Release|Any CPU.ActiveCfg = Release|Any CPU
		{485C6922-309D-41B1-B5F6-E70A45AA488A}.Release|Any CPU.Build.0 = Release|Any CPU
	EndGlobalSection
	GlobalSection(SolutionProperties) = preSolution
		HideSolutionNode = FALSE
	EndGlobalSection
	GlobalSection(ExtensibilityGlobals) = postSolution
		SolutionGuid = {6D184434-F5CF-4B04-836C-ECC340AF5DB7}
	EndGlobalSection
EndGlobal
